// !$*UTF8*$!
{
	archiveVersion = 1;
	classes = {
	};
	objectVersion = 46;
	objects = {

/* Begin PBXBuildFile section */
		0E19112CB2F9842CDD55ED11 /* libPods.a in Frameworks */ = {isa = PBXBuildFile; fileRef = 29CD5A92C3182E1D293A3489 /* libPods.a */; };
		3298F9581AD6EC38000DD486 /* AppDelegate.swift in Sources */ = {isa = PBXBuildFile; fileRef = 3298F9571AD6EC38000DD486 /* AppDelegate.swift */; };
		3298F95A1AD6EC38000DD486 /* ViewController.swift in Sources */ = {isa = PBXBuildFile; fileRef = 3298F9591AD6EC38000DD486 /* ViewController.swift */; };
		3298F95D1AD6EC38000DD486 /* Main.storyboard in Resources */ = {isa = PBXBuildFile; fileRef = 3298F95B1AD6EC38000DD486 /* Main.storyboard */; };
		3298F95F1AD6EC38000DD486 /* Images.xcassets in Resources */ = {isa = PBXBuildFile; fileRef = 3298F95E1AD6EC38000DD486 /* Images.xcassets */; };
		3298F9621AD6EC38000DD486 /* LaunchScreen.xib in Resources */ = {isa = PBXBuildFile; fileRef = 3298F9601AD6EC38000DD486 /* LaunchScreen.xib */; };
		3298F96E1AD6EC38000DD486 /* tomatoesTests.swift in Sources */ = {isa = PBXBuildFile; fileRef = 3298F96D1AD6EC38000DD486 /* tomatoesTests.swift */; };
		3298F9781AD6F0FC000DD486 /* MoviesViewController.swift in Sources */ = {isa = PBXBuildFile; fileRef = 3298F9771AD6F0FC000DD486 /* MoviesViewController.swift */; };
		3298F97A1AD6F766000DD486 /* MovieCell.swift in Sources */ = {isa = PBXBuildFile; fileRef = 3298F9791AD6F766000DD486 /* MovieCell.swift */; };
		3298F9831AD704A9000DD486 /* MovieDetailViewController.swift in Sources */ = {isa = PBXBuildFile; fileRef = 3298F9821AD704A9000DD486 /* MovieDetailViewController.swift */; };
/* End PBXBuildFile section */

/* Begin PBXContainerItemProxy section */
		3298F9681AD6EC38000DD486 /* PBXContainerItemProxy */ = {
			isa = PBXContainerItemProxy;
			containerPortal = 3298F94A1AD6EC37000DD486 /* Project object */;
			proxyType = 1;
			remoteGlobalIDString = 3298F9511AD6EC37000DD486;
			remoteInfo = tomatoes;
		};
/* End PBXContainerItemProxy section */

/* Begin PBXFileReference section */
		29CD5A92C3182E1D293A3489 /* libPods.a */ = {isa = PBXFileReference; explicitFileType = archive.ar; includeInIndex = 0; path = libPods.a; sourceTree = BUILT_PRODUCTS_DIR; };
		3298F9521AD6EC38000DD486 /* tomatoes.app */ = {isa = PBXFileReference; explicitFileType = wrapper.application; includeInIndex = 0; path = tomatoes.app; sourceTree = BUILT_PRODUCTS_DIR; };
		3298F9561AD6EC38000DD486 /* Info.plist */ = {isa = PBXFileReference; lastKnownFileType = text.plist.xml; path = Info.plist; sourceTree = "<group>"; };
		3298F9571AD6EC38000DD486 /* AppDelegate.swift */ = {isa = PBXFileReference; lastKnownFileType = sourcecode.swift; path = AppDelegate.swift; sourceTree = "<group>"; };
		3298F9591AD6EC38000DD486 /* ViewController.swift */ = {isa = PBXFileReference; lastKnownFileType = sourcecode.swift; path = ViewController.swift; sourceTree = "<group>"; };
		3298F95C1AD6EC38000DD486 /* Base */ = {isa = PBXFileReference; lastKnownFileType = file.storyboard; name = Base; path = Base.lproj/Main.storyboard; sourceTree = "<group>"; };
		3298F95E1AD6EC38000DD486 /* Images.xcassets */ = {isa = PBXFileReference; lastKnownFileType = folder.assetcatalog; path = Images.xcassets; sourceTree = "<group>"; };
		3298F9611AD6EC38000DD486 /* Base */ = {isa = PBXFileReference; lastKnownFileType = file.xib; name = Base; path = Base.lproj/LaunchScreen.xib; sourceTree = "<group>"; };
		3298F9671AD6EC38000DD486 /* tomatoesTests.xctest */ = {isa = PBXFileReference; explicitFileType = wrapper.cfbundle; includeInIndex = 0; path = tomatoesTests.xctest; sourceTree = BUILT_PRODUCTS_DIR; };
		3298F96C1AD6EC38000DD486 /* Info.plist */ = {isa = PBXFileReference; lastKnownFileType = text.plist.xml; path = Info.plist; sourceTree = "<group>"; };
		3298F96D1AD6EC38000DD486 /* tomatoesTests.swift */ = {isa = PBXFileReference; lastKnownFileType = sourcecode.swift; path = tomatoesTests.swift; sourceTree = "<group>"; };
		3298F9771AD6F0FC000DD486 /* MoviesViewController.swift */ = {isa = PBXFileReference; fileEncoding = 4; lastKnownFileType = sourcecode.swift; path = MoviesViewController.swift; sourceTree = "<group>"; };
		3298F9791AD6F766000DD486 /* MovieCell.swift */ = {isa = PBXFileReference; fileEncoding = 4; lastKnownFileType = sourcecode.swift; path = MovieCell.swift; sourceTree = "<group>"; };
		3298F97B1AD6FCD1000DD486 /* tomatoes-Bridging-Header.h */ = {isa = PBXFileReference; lastKnownFileType = sourcecode.c.h; path = "tomatoes-Bridging-Header.h"; sourceTree = "<group>"; };
		3298F9821AD704A9000DD486 /* MovieDetailViewController.swift */ = {isa = PBXFileReference; fileEncoding = 4; lastKnownFileType = sourcecode.swift; path = MovieDetailViewController.swift; sourceTree = "<group>"; };
		FE04507469D1102682BD8EFA /* Pods.debug.xcconfig */ = {isa = PBXFileReference; includeInIndex = 1; lastKnownFileType = text.xcconfig; name = Pods.debug.xcconfig; path = "Pods/Target Support Files/Pods/Pods.debug.xcconfig"; sourceTree = "<group>"; };
		FE758F8FFD448A3F2B1DB3F1 /* Pods.release.xcconfig */ = {isa = PBXFileReference; includeInIndex = 1; lastKnownFileType = text.xcconfig; name = Pods.release.xcconfig; path = "Pods/Target Support Files/Pods/Pods.release.xcconfig"; sourceTree = "<group>"; };
/* End PBXFileReference section */

/* Begin PBXFrameworksBuildPhase section */
		3298F94F1AD6EC37000DD486 /* Frameworks */ = {
			isa = PBXFrameworksBuildPhase;
			buildActionMask = 2147483647;
			files = (
				0E19112CB2F9842CDD55ED11 /* libPods.a in Frameworks */,
			);
			runOnlyForDeploymentPostprocessing = 0;
		};
		3298F9641AD6EC38000DD486 /* Frameworks */ = {
			isa = PBXFrameworksBuildPhase;
			buildActionMask = 2147483647;
			files = (
			);
			runOnlyForDeploymentPostprocessing = 0;
		};
/* End PBXFrameworksBuildPhase section */

/* Begin PBXGroup section */
		198EDA9320D1A7F93F205AFE /* Pods */ = {
			isa = PBXGroup;
			children = (
				FE04507469D1102682BD8EFA /* Pods.debug.xcconfig */,
				FE758F8FFD448A3F2B1DB3F1 /* Pods.release.xcconfig */,
			);
			name = Pods;
			sourceTree = "<group>";
		};
		3298F9491AD6EC37000DD486 = {
			isa = PBXGroup;
			children = (
				3298F9541AD6EC38000DD486 /* tomatoes */,
				3298F96A1AD6EC38000DD486 /* tomatoesTests */,
				3298F9531AD6EC38000DD486 /* Products */,
				198EDA9320D1A7F93F205AFE /* Pods */,
				618AD425E2F136ECFEB66A00 /* Frameworks */,
			);
			sourceTree = "<group>";
		};
		3298F9531AD6EC38000DD486 /* Products */ = {
			isa = PBXGroup;
			children = (
				3298F9521AD6EC38000DD486 /* tomatoes.app */,
				3298F9671AD6EC38000DD486 /* tomatoesTests.xctest */,
			);
			name = Products;
			sourceTree = "<group>";
		};
		3298F9541AD6EC38000DD486 /* tomatoes */ = {
			isa = PBXGroup;
			children = (
				3298F9571AD6EC38000DD486 /* AppDelegate.swift */,
				3298F9591AD6EC38000DD486 /* ViewController.swift */,
				3298F95B1AD6EC38000DD486 /* Main.storyboard */,
				3298F95E1AD6EC38000DD486 /* Images.xcassets */,
				3298F9601AD6EC38000DD486 /* LaunchScreen.xib */,
				3298F9551AD6EC38000DD486 /* Supporting Files */,
				3298F9771AD6F0FC000DD486 /* MoviesViewController.swift */,
				3298F9791AD6F766000DD486 /* MovieCell.swift */,
				3298F97B1AD6FCD1000DD486 /* tomatoes-Bridging-Header.h */,
				3298F9821AD704A9000DD486 /* MovieDetailViewController.swift */,
			);
			path = tomatoes;
			sourceTree = "<group>";
		};
		3298F9551AD6EC38000DD486 /* Supporting Files */ = {
			isa = PBXGroup;
			children = (
				3298F9561AD6EC38000DD486 /* Info.plist */,
			);
			name = "Supporting Files";
			sourceTree = "<group>";
		};
		3298F96A1AD6EC38000DD486 /* tomatoesTests */ = {
			isa = PBXGroup;
			children = (
				3298F96D1AD6EC38000DD486 /* tomatoesTests.swift */,
				3298F96B1AD6EC38000DD486 /* Supporting Files */,
			);
			path = tomatoesTests;
			sourceTree = "<group>";
		};
		3298F96B1AD6EC38000DD486 /* Supporting Files */ = {
			isa = PBXGroup;
			children = (
				3298F96C1AD6EC38000DD486 /* Info.plist */,
			);
			name = "Supporting Files";
			sourceTree = "<group>";
		};
		618AD425E2F136ECFEB66A00 /* Frameworks */ = {
			isa = PBXGroup;
			children = (
				29CD5A92C3182E1D293A3489 /* libPods.a */,
			);
			name = Frameworks;
			sourceTree = "<group>";
		};
/* End PBXGroup section */

/* Begin PBXNativeTarget section */
		3298F9511AD6EC37000DD486 /* tomatoes */ = {
			isa = PBXNativeTarget;
			buildConfigurationList = 3298F9711AD6EC38000DD486 /* Build configuration list for PBXNativeTarget "tomatoes" */;
			buildPhases = (
				006757032317C0FCB5A7E70A /* Check Pods Manifest.lock */,
				3298F94E1AD6EC37000DD486 /* Sources */,
				3298F94F1AD6EC37000DD486 /* Frameworks */,
				3298F9501AD6EC37000DD486 /* Resources */,
				0855F870E7B20905B16F794D /* Copy Pods Resources */,
			);
			buildRules = (
			);
			dependencies = (
			);
			name = tomatoes;
			productName = tomatoes;
			productReference = 3298F9521AD6EC38000DD486 /* tomatoes.app */;
			productType = "com.apple.product-type.application";
		};
		3298F9661AD6EC38000DD486 /* tomatoesTests */ = {
			isa = PBXNativeTarget;
			buildConfigurationList = 3298F9741AD6EC38000DD486 /* Build configuration list for PBXNativeTarget "tomatoesTests" */;
			buildPhases = (
				3298F9631AD6EC38000DD486 /* Sources */,
				3298F9641AD6EC38000DD486 /* Frameworks */,
				3298F9651AD6EC38000DD486 /* Resources */,
			);
			buildRules = (
			);
			dependencies = (
				3298F9691AD6EC38000DD486 /* PBXTargetDependency */,
			);
			name = tomatoesTests;
			productName = tomatoesTests;
			productReference = 3298F9671AD6EC38000DD486 /* tomatoesTests.xctest */;
			productType = "com.apple.product-type.bundle.unit-test";
		};
/* End PBXNativeTarget section */

/* Begin PBXProject section */
		3298F94A1AD6EC37000DD486 /* Project object */ = {
			isa = PBXProject;
			attributes = {
				LastUpgradeCheck = 0620;
				ORGANIZATIONNAME = "Norman Yu";
				TargetAttributes = {
					3298F9511AD6EC37000DD486 = {
						CreatedOnToolsVersion = 6.2;
					};
					3298F9661AD6EC38000DD486 = {
						CreatedOnToolsVersion = 6.2;
						TestTargetID = 3298F9511AD6EC37000DD486;
					};
				};
			};
			buildConfigurationList = 3298F94D1AD6EC37000DD486 /* Build configuration list for PBXProject "tomatoes" */;
			compatibilityVersion = "Xcode 3.2";
			developmentRegion = English;
			hasScannedForEncodings = 0;
			knownRegions = (
				en,
				Base,
			);
			mainGroup = 3298F9491AD6EC37000DD486;
			productRefGroup = 3298F9531AD6EC38000DD486 /* Products */;
			projectDirPath = "";
			projectRoot = "";
			targets = (
				3298F9511AD6EC37000DD486 /* tomatoes */,
				3298F9661AD6EC38000DD486 /* tomatoesTests */,
			);
		};
/* End PBXProject section */

/* Begin PBXResourcesBuildPhase section */
		3298F9501AD6EC37000DD486 /* Resources */ = {
			isa = PBXResourcesBuildPhase;
			buildActionMask = 2147483647;
			files = (
				3298F95D1AD6EC38000DD486 /* Main.storyboard in Resources */,
				3298F9621AD6EC38000DD486 /* LaunchScreen.xib in Resources */,
				3298F95F1AD6EC38000DD486 /* Images.xcassets in Resources */,
			);
			runOnlyForDeploymentPostprocessing = 0;
		};
		3298F9651AD6EC38000DD486 /* Resources */ = {
			isa = PBXResourcesBuildPhase;
			buildActionMask = 2147483647;
			files = (
			);
			runOnlyForDeploymentPostprocessing = 0;
		};
/* End PBXResourcesBuildPhase section */

/* Begin PBXShellScriptBuildPhase section */
		006757032317C0FCB5A7E70A /* Check Pods Manifest.lock */ = {
			isa = PBXShellScriptBuildPhase;
			buildActionMask = 2147483647;
			files = (
			);
			inputPaths = (
			);
			name = "Check Pods Manifest.lock";
			outputPaths = (
			);
			runOnlyForDeploymentPostprocessing = 0;
			shellPath = /bin/sh;
			shellScript = "diff \"${PODS_ROOT}/../Podfile.lock\" \"${PODS_ROOT}/Manifest.lock\" > /dev/null\nif [[ $? != 0 ]] ; then\n    cat << EOM\nerror: The sandbox is not in sync with the Podfile.lock. Run 'pod install' or update your CocoaPods installation.\nEOM\n    exit 1\nfi\n";
			showEnvVarsInLog = 0;
		};
		0855F870E7B20905B16F794D /* Copy Pods Resources */ = {
			isa = PBXShellScriptBuildPhase;
			buildActionMask = 2147483647;
			files = (
			);
			inputPaths = (
			);
			name = "Copy Pods Resources";
			outputPaths = (
			);
			runOnlyForDeploymentPostprocessing = 0;
			shellPath = /bin/sh;
			shellScript = "\"${SRCROOT}/Pods/Target Support Files/Pods/Pods-resources.sh\"\n";
			showEnvVarsInLog = 0;
		};
/* End PBXShellScriptBuildPhase section */

/* Begin PBXSourcesBuildPhase section */
		3298F94E1AD6EC37000DD486 /* Sources */ = {
			isa = PBXSourcesBuildPhase;
			buildActionMask = 2147483647;
			files = (
				3298F95A1AD6EC38000DD486 /* ViewController.swift in Sources */,
				3298F9831AD704A9000DD486 /* MovieDetailViewController.swift in Sources */,
				3298F9581AD6EC38000DD486 /* AppDelegate.swift in Sources */,
				3298F97A1AD6F766000DD486 /* MovieCell.swift in Sources */,
				3298F9781AD6F0FC000DD486 /* MoviesViewController.swift in Sources */,
			);
			runOnlyForDeploymentPostprocessing = 0;
		};
		3298F9631AD6EC38000DD486 /* Sources */ = {
			isa = PBXSourcesBuildPhase;
			buildActionMask = 2147483647;
			files = (
				3298F96E1AD6EC38000DD486 /* tomatoesTests.swift in Sources */,
			);
			runOnlyForDeploymentPostprocessing = 0;
		};
/* End PBXSourcesBuildPhase section */

/* Begin PBXTargetDependency section */
		3298F9691AD6EC38000DD486 /* PBXTargetDependency */ = {
			isa = PBXTargetDependency;
			target = 3298F9511AD6EC37000DD486 /* tomatoes */;
			targetProxy = 3298F9681AD6EC38000DD486 /* PBXContainerItemProxy */;
		};
/* End PBXTargetDependency section */

/* Begin PBXVariantGroup section */
		3298F95B1AD6EC38000DD486 /* Main.storyboard */ = {
			isa = PBXVariantGroup;
			children = (
				3298F95C1AD6EC38000DD486 /* Base */,
			);
			name = Main.storyboard;
			sourceTree = "<group>";
		};
		3298F9601AD6EC38000DD486 /* LaunchScreen.xib */ = {
			isa = PBXVariantGroup;
			children = (
				3298F9611AD6EC38000DD486 /* Base */,
			);
			name = LaunchScreen.xib;
			sourceTree = "<group>";
		};
/* End PBXVariantGroup section */

/* Begin XCBuildConfiguration section */
		3298F96F1AD6EC38000DD486 /* Debug */ = {
			isa = XCBuildConfiguration;
			buildSettings = {
				ALWAYS_SEARCH_USER_PATHS = NO;
				CLANG_CXX_LANGUAGE_STANDARD = "gnu++0x";
				CLANG_CXX_LIBRARY = "libc++";
				CLANG_ENABLE_MODULES = YES;
				CLANG_ENABLE_OBJC_ARC = YES;
				CLANG_WARN_BOOL_CONVERSION = YES;
				CLANG_WARN_CONSTANT_CONVERSION = YES;
				CLANG_WARN_DIRECT_OBJC_ISA_USAGE = YES_ERROR;
				CLANG_WARN_EMPTY_BODY = YES;
				CLANG_WARN_ENUM_CONVERSION = YES;
				CLANG_WARN_INT_CONVERSION = YES;
				CLANG_WARN_OBJC_ROOT_CLASS = YES_ERROR;
				CLANG_WARN_UNREACHABLE_CODE = YES;
				CLANG_WARN__DUPLICATE_METHOD_MATCH = YES;
				"CODE_SIGN_IDENTITY[sdk=iphoneos*]" = "iPhone Developer";
				COPY_PHASE_STRIP = NO;
				ENABLE_STRICT_OBJC_MSGSEND = YES;
				GCC_C_LANGUAGE_STANDARD = gnu99;
				GCC_DYNAMIC_NO_PIC = NO;
				GCC_OPTIMIZATION_LEVEL = 0;
				GCC_PREPROCESSOR_DEFINITIONS = (
					"DEBUG=1",
					"$(inherited)",
				);
				GCC_SYMBOLS_PRIVATE_EXTERN = NO;
				GCC_WARN_64_TO_32_BIT_CONVERSION = YES;
				GCC_WARN_ABOUT_RETURN_TYPE = YES_ERROR;
				GCC_WARN_UNDECLARED_SELECTOR = YES;
				GCC_WARN_UNINITIALIZED_AUTOS = YES_AGGRESSIVE;
				GCC_WARN_UNUSED_FUNCTION = YES;
				GCC_WARN_UNUSED_VARIABLE = YES;
				IPHONEOS_DEPLOYMENT_TARGET = 8.2;
				MTL_ENABLE_DEBUG_INFO = YES;
				ONLY_ACTIVE_ARCH = YES;
				SDKROOT = iphoneos;
				SWIFT_OPTIMIZATION_LEVEL = "-Onone";
			};
			name = Debug;
		};
		3298F9701AD6EC38000DD486 /* Release */ = {
			isa = XCBuildConfiguration;
			buildSettings = {
				ALWAYS_SEARCH_USER_PATHS = NO;
				CLANG_CXX_LANGUAGE_STANDARD = "gnu++0x";
				CLANG_CXX_LIBRARY = "libc++";
				CLANG_ENABLE_MODULES = YES;
				CLANG_ENABLE_OBJC_ARC = YES;
				CLANG_WARN_BOOL_CONVERSION = YES;
				CLANG_WARN_CONSTANT_CONVERSION = YES;
				CLANG_WARN_DIRECT_OBJC_ISA_USAGE = YES_ERROR;
				CLANG_WARN_EMPTY_BODY = YES;
				CLANG_WARN_ENUM_CONVERSION = YES;
				CLANG_WARN_INT_CONVERSION = YES;
				CLANG_WARN_OBJC_ROOT_CLASS = YES_ERROR;
				CLANG_WARN_UNREACHABLE_CODE = YES;
				CLANG_WARN__DUPLICATE_METHOD_MATCH = YES;
				"CODE_SIGN_IDENTITY[sdk=iphoneos*]" = "iPhone Developer";
				COPY_PHASE_STRIP = NO;
				ENABLE_NS_ASSERTIONS = NO;
				ENABLE_STRICT_OBJC_MSGSEND = YES;
				GCC_C_LANGUAGE_STANDARD = gnu99;
				GCC_WARN_64_TO_32_BIT_CONVERSION = YES;
				GCC_WARN_ABOUT_RETURN_TYPE = YES_ERROR;
				GCC_WARN_UNDECLARED_SELECTOR = YES;
				GCC_WARN_UNINITIALIZED_AUTOS = YES_AGGRESSIVE;
				GCC_WARN_UNUSED_FUNCTION = YES;
				GCC_WARN_UNUSED_VARIABLE = YES;
				IPHONEOS_DEPLOYMENT_TARGET = 8.2;
				MTL_ENABLE_DEBUG_INFO = NO;
				SDKROOT = iphoneos;
				VALIDATE_PRODUCT = YES;
			};
			name = Release;
		};
		3298F9721AD6EC38000DD486 /* Debug */ = {
			isa = XCBuildConfiguration;
			baseConfigurationReference = FE04507469D1102682BD8EFA /* Pods.debug.xcconfig */;
			buildSettings = {
				ASSETCATALOG_COMPILER_APPICON_NAME = AppIcon;
				CLANG_ENABLE_MODULES = YES;
				CODE_SIGN_IDENTITY = "iPhone Developer";
				INFOPLIST_FILE = tomatoes/Info.plist;
				LD_RUNPATH_SEARCH_PATHS = "$(inherited) @executable_path/Frameworks";
				PRODUCT_NAME = "$(TARGET_NAME)";
				SWIFT_OBJC_BRIDGING_HEADER = "tomatoes/tomatoes-Bridging-Header.h";
				SWIFT_OPTIMIZATION_LEVEL = "-Onone";
			};
			name = Debug;
		};
		3298F9731AD6EC38000DD486 /* Release */ = {
			isa = XCBuildConfiguration;
			baseConfigurationReference = FE758F8FFD448A3F2B1DB3F1 /* Pods.release.xcconfig */;
			buildSettings = {
				ASSETCATALOG_COMPILER_APPICON_NAME = AppIcon;
				CLANG_ENABLE_MODULES = YES;
				CODE_SIGN_IDENTITY = "iPhone Developer";
				INFOPLIST_FILE = tomatoes/Info.plist;
				LD_RUNPATH_SEARCH_PATHS = "$(inherited) @executable_path/Frameworks";
				PRODUCT_NAME = "$(TARGET_NAME)";
				SWIFT_OBJC_BRIDGING_HEADER = "tomatoes/tomatoes-Bridging-Header.h";
			};
			name = Release;
		};
		3298F9751AD6EC38000DD486 /* Debug */ = {
			isa = XCBuildConfiguration;
			buildSettings = {
				BUNDLE_LOADER = "$(TEST_HOST)";
				FRAMEWORK_SEARCH_PATHS = (
					"$(SDKROOT)/Developer/Library/Frameworks",
					"$(inherited)",
				);
				GCC_PREPROCESSOR_DEFINITIONS = (
					"DEBUG=1",
					"$(inherited)",
				);
				INFOPLIST_FILE = tomatoesTests/Info.plist;
				LD_RUNPATH_SEARCH_PATHS = "$(inherited) @executable_path/Frameworks @loader_path/Frameworks";
				PRODUCT_NAME = "$(TARGET_NAME)";
				TEST_HOST = "$(BUILT_PRODUCTS_DIR)/tomatoes.app/tomatoes";
			};
			name = Debug;
		};
		3298F9761AD6EC38000DD486 /* Release */ = {
			isa = XCBuildConfiguration;
			buildSettings = {
				BUNDLE_LOADER = "$(TEST_HOST)";
				FRAMEWORK_SEARCH_PATHS = (
					"$(SDKROOT)/Developer/Library/Frameworks",
					"$(inherited)",
				);
				INFOPLIST_FILE = tomatoesTests/Info.plist;
				LD_RUNPATH_SEARCH_PATHS = "$(inherited) @executable_path/Frameworks @loader_path/Frameworks";
				PRODUCT_NAME = "$(TARGET_NAME)";
				TEST_HOST = "$(BUILT_PRODUCTS_DIR)/tomatoes.app/tomatoes";
			};
			name = Release;
		};
/* End XCBuildConfiguration section */

/* Begin XCConfigurationList section */
		3298F94D1AD6EC37000DD486 /* Build configuration list for PBXProject "tomatoes" */ = {
			isa = XCConfigurationList;
			buildConfigurations = (
				3298F96F1AD6EC38000DD486 /* Debug */,
				3298F9701AD6EC38000DD486 /* Release */,
			);
			defaultConfigurationIsVisible = 0;
			defaultConfigurationName = Release;
		};
		3298F9711AD6EC38000DD486 /* Build configuration list for PBXNativeTarget "tomatoes" */ = {
			isa = XCConfigurationList;
			buildConfigurations = (
				3298F9721AD6EC38000DD486 /* Debug */,
				3298F9731AD6EC38000DD486 /* Release */,
			);
			defaultConfigurationIsVisible = 0;
			defaultConfigurationName = Release;
		};
		3298F9741AD6EC38000DD486 /* Build configuration list for PBXNativeTarget "tomatoesTests" */ = {
			isa = XCConfigurationList;
			buildConfigurations = (
				3298F9751AD6EC38000DD486 /* Debug */,
				3298F9761AD6EC38000DD486 /* Release */,
			);
			defaultConfigurationIsVisible = 0;
			defaultConfigurationName = Release;
		};
/* End XCConfigurationList section */
	};
	rootObject = 3298F94A1AD6EC37000DD486 /* Project object */;
}
